// !$*UTF8*$!
{
	archiveVersion = 1;
	classes = {
	};
	objectVersion = 55;
	objects = {

/* Begin PBXBuildFile section */
		7DC9DDDF27A7E74600B2123B /* SwireChatApp.swift in Sources */ = {isa = PBXBuildFile; fileRef = 7DC9DDDE27A7E74600B2123B /* SwireChatApp.swift */; };
		7DC9DDE127A7E74600B2123B /* ContentView.swift in Sources */ = {isa = PBXBuildFile; fileRef = 7DC9DDE027A7E74600B2123B /* ContentView.swift */; };
		7DC9DDE327A7E74800B2123B /* Assets.xcassets in Resources */ = {isa = PBXBuildFile; fileRef = 7DC9DDE227A7E74800B2123B /* Assets.xcassets */; };
		7DC9DDE627A7E74800B2123B /* Preview Assets.xcassets in Resources */ = {isa = PBXBuildFile; fileRef = 7DC9DDE527A7E74800B2123B /* Preview Assets.xcassets */; };
		7DC9DDF027A7E74800B2123B /* SwireChatTests.swift in Sources */ = {isa = PBXBuildFile; fileRef = 7DC9DDEF27A7E74800B2123B /* SwireChatTests.swift */; };
		7DC9DDFA27A7E74800B2123B /* SwireChatUITests.swift in Sources */ = {isa = PBXBuildFile; fileRef = 7DC9DDF927A7E74800B2123B /* SwireChatUITests.swift */; };
		7DC9DDFC27A7E74800B2123B /* SwireChatUITestsLaunchTests.swift in Sources */ = {isa = PBXBuildFile; fileRef = 7DC9DDFB27A7E74800B2123B /* SwireChatUITestsLaunchTests.swift */; };
/* End PBXBuildFile section */

/* Begin PBXContainerItemProxy section */
		7DC9DDEC27A7E74800B2123B /* PBXContainerItemProxy */ = {
			isa = PBXContainerItemProxy;
			containerPortal = 7DC9DDD327A7E74600B2123B /* Project object */;
			proxyType = 1;
			remoteGlobalIDString = 7DC9DDDA27A7E74600B2123B;
			remoteInfo = SwireChat;
		};
		7DC9DDF627A7E74800B2123B /* PBXContainerItemProxy */ = {
			isa = PBXContainerItemProxy;
			containerPortal = 7DC9DDD327A7E74600B2123B /* Project object */;
			proxyType = 1;
			remoteGlobalIDString = 7DC9DDDA27A7E74600B2123B;
			remoteInfo = SwireChat;
		};
/* End PBXContainerItemProxy section */

/* Begin PBXFileReference section */
		7DC9DDDB27A7E74600B2123B /* SwireChat.app */ = {isa = PBXFileReference; explicitFileType = wrapper.application; includeInIndex = 0; path = SwireChat.app; sourceTree = BUILT_PRODUCTS_DIR; };
		7DC9DDDE27A7E74600B2123B /* SwireChatApp.swift */ = {isa = PBXFileReference; lastKnownFileType = sourcecode.swift; path = SwireChatApp.swift; sourceTree = "<group>"; };
		7DC9DDE027A7E74600B2123B /* ContentView.swift */ = {isa = PBXFileReference; lastKnownFileType = sourcecode.swift; path = ContentView.swift; sourceTree = "<group>"; };
		7DC9DDE227A7E74800B2123B /* Assets.xcassets */ = {isa = PBXFileReference; lastKnownFileType = folder.assetcatalog; path = Assets.xcassets; sourceTree = "<group>"; };
		7DC9DDE527A7E74800B2123B /* Preview Assets.xcassets */ = {isa = PBXFileReference; lastKnownFileType = folder.assetcatalog; path = "Preview Assets.xcassets"; sourceTree = "<group>"; };
		7DC9DDEB27A7E74800B2123B /* SwireChatTests.xctest */ = {isa = PBXFileReference; explicitFileType = wrapper.cfbundle; includeInIndex = 0; path = SwireChatTests.xctest; sourceTree = BUILT_PRODUCTS_DIR; };
		7DC9DDEF27A7E74800B2123B /* SwireChatTests.swift */ = {isa = PBXFileReference; lastKnownFileType = sourcecode.swift; path = SwireChatTests.swift; sourceTree = "<group>"; };
		7DC9DDF527A7E74800B2123B /* SwireChatUITests.xctest */ = {isa = PBXFileReference; explicitFileType = wrapper.cfbundle; includeInIndex = 0; path = SwireChatUITests.xctest; sourceTree = BUILT_PRODUCTS_DIR; };
		7DC9DDF927A7E74800B2123B /* SwireChatUITests.swift */ = {isa = PBXFileReference; lastKnownFileType = sourcecode.swift; path = SwireChatUITests.swift; sourceTree = "<group>"; };
		7DC9DDFB27A7E74800B2123B /* SwireChatUITestsLaunchTests.swift */ = {isa = PBXFileReference; lastKnownFileType = sourcecode.swift; path = SwireChatUITestsLaunchTests.swift; sourceTree = "<group>"; };
/* End PBXFileReference section */

/* Begin PBXFrameworksBuildPhase section */
		7DC9DDD827A7E74600B2123B /* Frameworks */ = {
			isa = PBXFrameworksBuildPhase;
			buildActionMask = 2147483647;
			files = (
			);
			runOnlyForDeploymentPostprocessing = 0;
		};
		7DC9DDE827A7E74800B2123B /* Frameworks */ = {
			isa = PBXFrameworksBuildPhase;
			buildActionMask = 2147483647;
			files = (
			);
			runOnlyForDeploymentPostprocessing = 0;
		};
		7DC9DDF227A7E74800B2123B /* Frameworks */ = {
			isa = PBXFrameworksBuildPhase;
			buildActionMask = 2147483647;
			files = (
			);
			runOnlyForDeploymentPostprocessing = 0;
		};
/* End PBXFrameworksBuildPhase section */

/* Begin PBXGroup section */
		7DC9DDD227A7E74600B2123B = {
			isa = PBXGroup;
			children = (
				7DC9DDDD27A7E74600B2123B /* SwireChat */,
				7DC9DDEE27A7E74800B2123B /* SwireChatTests */,
				7DC9DDF827A7E74800B2123B /* SwireChatUITests */,
				7DC9DDDC27A7E74600B2123B /* Products */,
			);
			sourceTree = "<group>";
		};
		7DC9DDDC27A7E74600B2123B /* Products */ = {
			isa = PBXGroup;
			children = (
				7DC9DDDB27A7E74600B2123B /* SwireChat.app */,
				7DC9DDEB27A7E74800B2123B /* SwireChatTests.xctest */,
				7DC9DDF527A7E74800B2123B /* SwireChatUITests.xctest */,
			);
			name = Products;
			sourceTree = "<group>";
		};
		7DC9DDDD27A7E74600B2123B /* SwireChat */ = {
			isa = PBXGroup;
			children = (
				7DC9DDDE27A7E74600B2123B /* SwireChatApp.swift */,
				7DC9DDE027A7E74600B2123B /* ContentView.swift */,
				7DC9DDE227A7E74800B2123B /* Assets.xcassets */,
				7DC9DDE427A7E74800B2123B /* Preview Content */,
			);
			path = SwireChat;
			sourceTree = "<group>";
		};
		7DC9DDE427A7E74800B2123B /* Preview Content */ = {
			isa = PBXGroup;
			children = (
				7DC9DDE527A7E74800B2123B /* Preview Assets.xcassets */,
			);
			path = "Preview Content";
			sourceTree = "<group>";
		};
		7DC9DDEE27A7E74800B2123B /* SwireChatTests */ = {
			isa = PBXGroup;
			children = (
				7DC9DDEF27A7E74800B2123B /* SwireChatTests.swift */,
			);
			path = SwireChatTests;
			sourceTree = "<group>";
		};
		7DC9DDF827A7E74800B2123B /* SwireChatUITests */ = {
			isa = PBXGroup;
			children = (
				7DC9DDF927A7E74800B2123B /* SwireChatUITests.swift */,
				7DC9DDFB27A7E74800B2123B /* SwireChatUITestsLaunchTests.swift */,
			);
			path = SwireChatUITests;
			sourceTree = "<group>";
		};
/* End PBXGroup section */

/* Begin PBXNativeTarget section */
		7DC9DDDA27A7E74600B2123B /* SwireChat */ = {
			isa = PBXNativeTarget;
			buildConfigurationList = 7DC9DDFF27A7E74800B2123B /* Build configuration list for PBXNativeTarget "SwireChat" */;
			buildPhases = (
				7DC9DDD727A7E74600B2123B /* Sources */,
				7DC9DDD827A7E74600B2123B /* Frameworks */,
				7DC9DDD927A7E74600B2123B /* Resources */,
			);
			buildRules = (
			);
			dependencies = (
			);
			name = SwireChat;
			productName = SwireChat;
			productReference = 7DC9DDDB27A7E74600B2123B /* SwireChat.app */;
			productType = "com.apple.product-type.application";
		};
		7DC9DDEA27A7E74800B2123B /* SwireChatTests */ = {
			isa = PBXNativeTarget;
			buildConfigurationList = 7DC9DE0227A7E74800B2123B /* Build configuration list for PBXNativeTarget "SwireChatTests" */;
			buildPhases = (
				7DC9DDE727A7E74800B2123B /* Sources */,
				7DC9DDE827A7E74800B2123B /* Frameworks */,
				7DC9DDE927A7E74800B2123B /* Resources */,
			);
			buildRules = (
			);
			dependencies = (
				7DC9DDED27A7E74800B2123B /* PBXTargetDependency */,
			);
			name = SwireChatTests;
			productName = SwireChatTests;
			productReference = 7DC9DDEB27A7E74800B2123B /* SwireChatTests.xctest */;
			productType = "com.apple.product-type.bundle.unit-test";
		};
		7DC9DDF427A7E74800B2123B /* SwireChatUITests */ = {
			isa = PBXNativeTarget;
			buildConfigurationList = 7DC9DE0527A7E74800B2123B /* Build configuration list for PBXNativeTarget "SwireChatUITests" */;
			buildPhases = (
				7DC9DDF127A7E74800B2123B /* Sources */,
				7DC9DDF227A7E74800B2123B /* Frameworks */,
				7DC9DDF327A7E74800B2123B /* Resources */,
			);
			buildRules = (
			);
			dependencies = (
				7DC9DDF727A7E74800B2123B /* PBXTargetDependency */,
			);
			name = SwireChatUITests;
			productName = SwireChatUITests;
			productReference = 7DC9DDF527A7E74800B2123B /* SwireChatUITests.xctest */;
			productType = "com.apple.product-type.bundle.ui-testing";
		};
/* End PBXNativeTarget section */

/* Begin PBXProject section */
		7DC9DDD327A7E74600B2123B /* Project object */ = {
			isa = PBXProject;
			attributes = {
				BuildIndependentTargetsInParallel = 1;
				LastSwiftUpdateCheck = 1310;
				LastUpgradeCheck = 1310;
				TargetAttributes = {
					7DC9DDDA27A7E74600B2123B = {
						CreatedOnToolsVersion = 13.1;
					};
					7DC9DDEA27A7E74800B2123B = {
						CreatedOnToolsVersion = 13.1;
						TestTargetID = 7DC9DDDA27A7E74600B2123B;
					};
					7DC9DDF427A7E74800B2123B = {
						CreatedOnToolsVersion = 13.1;
						TestTargetID = 7DC9DDDA27A7E74600B2123B;
					};
				};
			};
			buildConfigurationList = 7DC9DDD627A7E74600B2123B /* Build configuration list for PBXProject "SwireChat" */;
			compatibilityVersion = "Xcode 13.0";
			developmentRegion = en;
			hasScannedForEncodings = 0;
			knownRegions = (
				en,
				Base,
			);
			mainGroup = 7DC9DDD227A7E74600B2123B;
			productRefGroup = 7DC9DDDC27A7E74600B2123B /* Products */;
			projectDirPath = "";
			projectRoot = "";
			targets = (
				7DC9DDDA27A7E74600B2123B /* SwireChat */,
				7DC9DDEA27A7E74800B2123B /* SwireChatTests */,
				7DC9DDF427A7E74800B2123B /* SwireChatUITests */,
			);
		};
/* End PBXProject section */

/* Begin PBXResourcesBuildPhase section */
		7DC9DDD927A7E74600B2123B /* Resources */ = {
			isa = PBXResourcesBuildPhase;
			buildActionMask = 2147483647;
			files = (
				7DC9DDE627A7E74800B2123B /* Preview Assets.xcassets in Resources */,
				7DC9DDE327A7E74800B2123B /* Assets.xcassets in Resources */,
			);
			runOnlyForDeploymentPostprocessing = 0;
		};
		7DC9DDE927A7E74800B2123B /* Resources */ = {
			isa = PBXResourcesBuildPhase;
			buildActionMask = 2147483647;
			files = (
			);
			runOnlyForDeploymentPostprocessing = 0;
		};
		7DC9DDF327A7E74800B2123B /* Resources */ = {
			isa = PBXResourcesBuildPhase;
			buildActionMask = 2147483647;
			files = (
			);
			runOnlyForDeploymentPostprocessing = 0;
		};
/* End PBXResourcesBuildPhase section */

/* Begin PBXSourcesBuildPhase section */
		7DC9DDD727A7E74600B2123B /* Sources */ = {
			isa = PBXSourcesBuildPhase;
			buildActionMask = 2147483647;
			files = (
				7DC9DDE127A7E74600B2123B /* ContentView.swift in Sources */,
				7DC9DDDF27A7E74600B2123B /* SwireChatApp.swift in Sources */,
			);
			runOnlyForDeploymentPostprocessing = 0;
		};
		7DC9DDE727A7E74800B2123B /* Sources */ = {
			isa = PBXSourcesBuildPhase;
			buildActionMask = 2147483647;
			files = (
				7DC9DDF027A7E74800B2123B /* SwireChatTests.swift in Sources */,
			);
			runOnlyForDeploymentPostprocessing = 0;
		};
		7DC9DDF127A7E74800B2123B /* Sources */ = {
			isa = PBXSourcesBuildPhase;
			buildActionMask = 2147483647;
			files = (
				7DC9DDFA27A7E74800B2123B /* SwireChatUITests.swift in Sources */,
				7DC9DDFC27A7E74800B2123B /* SwireChatUITestsLaunchTests.swift in Sources */,
			);
			runOnlyForDeploymentPostprocessing = 0;
		};
/* End PBXSourcesBuildPhase section */

/* Begin PBXTargetDependency section */
		7DC9DDED27A7E74800B2123B /* PBXTargetDependency */ = {
			isa = PBXTargetDependency;
			target = 7DC9DDDA27A7E74600B2123B /* SwireChat */;
			targetProxy = 7DC9DDEC27A7E74800B2123B /* PBXContainerItemProxy */;
		};
		7DC9DDF727A7E74800B2123B /* PBXTargetDependency */ = {
			isa = PBXTargetDependency;
			target = 7DC9DDDA27A7E74600B2123B /* SwireChat */;
			targetProxy = 7DC9DDF627A7E74800B2123B /* PBXContainerItemProxy */;
		};
/* End PBXTargetDependency section */

/* Begin XCBuildConfiguration section */
		7DC9DDFD27A7E74800B2123B /* Debug */ = {
			isa = XCBuildConfiguration;
			buildSettings = {
				ALWAYS_SEARCH_USER_PATHS = NO;
				CLANG_ANALYZER_NONNULL = YES;
				CLANG_ANALYZER_NUMBER_OBJECT_CONVERSION = YES_AGGRESSIVE;
				CLANG_CXX_LANGUAGE_STANDARD = "gnu++17";
				CLANG_CXX_LIBRARY = "libc++";
				CLANG_ENABLE_MODULES = YES;
				CLANG_ENABLE_OBJC_ARC = YES;
				CLANG_ENABLE_OBJC_WEAK = YES;
				CLANG_WARN_BLOCK_CAPTURE_AUTORELEASING = YES;
				CLANG_WARN_BOOL_CONVERSION = YES;
				CLANG_WARN_COMMA = YES;
				CLANG_WARN_CONSTANT_CONVERSION = YES;
				CLANG_WARN_DEPRECATED_OBJC_IMPLEMENTATIONS = YES;
				CLANG_WARN_DIRECT_OBJC_ISA_USAGE = YES_ERROR;
				CLANG_WARN_DOCUMENTATION_COMMENTS = YES;
				CLANG_WARN_EMPTY_BODY = YES;
				CLANG_WARN_ENUM_CONVERSION = YES;
				CLANG_WARN_INFINITE_RECURSION = YES;
				CLANG_WARN_INT_CONVERSION = YES;
				CLANG_WARN_NON_LITERAL_NULL_CONVERSION = YES;
				CLANG_WARN_OBJC_IMPLICIT_RETAIN_SELF = YES;
				CLANG_WARN_OBJC_LITERAL_CONVERSION = YES;
				CLANG_WARN_OBJC_ROOT_CLASS = YES_ERROR;
				CLANG_WARN_QUOTED_INCLUDE_IN_FRAMEWORK_HEADER = YES;
				CLANG_WARN_RANGE_LOOP_ANALYSIS = YES;
				CLANG_WARN_STRICT_PROTOTYPES = YES;
				CLANG_WARN_SUSPICIOUS_MOVE = YES;
				CLANG_WARN_UNGUARDED_AVAILABILITY = YES_AGGRESSIVE;
				CLANG_WARN_UNREACHABLE_CODE = YES;
				CLANG_WARN__DUPLICATE_METHOD_MATCH = YES;
				COPY_PHASE_STRIP = NO;
				DEBUG_INFORMATION_FORMAT = dwarf;
				ENABLE_STRICT_OBJC_MSGSEND = YES;
				ENABLE_TESTABILITY = YES;
				GCC_C_LANGUAGE_STANDARD = gnu11;
				GCC_DYNAMIC_NO_PIC = NO;
				GCC_NO_COMMON_BLOCKS = YES;
				GCC_OPTIMIZATION_LEVEL = 0;
				GCC_PREPROCESSOR_DEFINITIONS = (
					"DEBUG=1",
					"$(inherited)",
				);
				GCC_WARN_64_TO_32_BIT_CONVERSION = YES;
				GCC_WARN_ABOUT_RETURN_TYPE = YES_ERROR;
				GCC_WARN_UNDECLARED_SELECTOR = YES;
				GCC_WARN_UNINITIALIZED_AUTOS = YES_AGGRESSIVE;
				GCC_WARN_UNUSED_FUNCTION = YES;
				GCC_WARN_UNUSED_VARIABLE = YES;
				IPHONEOS_DEPLOYMENT_TARGET = 15.0;
				MTL_ENABLE_DEBUG_INFO = INCLUDE_SOURCE;
				MTL_FAST_MATH = YES;
				ONLY_ACTIVE_ARCH = YES;
				SDKROOT = iphoneos;
				SWIFT_ACTIVE_COMPILATION_CONDITIONS = DEBUG;
				SWIFT_OPTIMIZATION_LEVEL = "-Onone";
			};
			name = Debug;
		};
		7DC9DDFE27A7E74800B2123B /* Release */ = {
			isa = XCBuildConfiguration;
			buildSettings = {
				ALWAYS_SEARCH_USER_PATHS = NO;
				CLANG_ANALYZER_NONNULL = YES;
				CLANG_ANALYZER_NUMBER_OBJECT_CONVERSION = YES_AGGRESSIVE;
				CLANG_CXX_LANGUAGE_STANDARD = "gnu++17";
				CLANG_CXX_LIBRARY = "libc++";
				CLANG_ENABLE_MODULES = YES;
				CLANG_ENABLE_OBJC_ARC = YES;
				CLANG_ENABLE_OBJC_WEAK = YES;
				CLANG_WARN_BLOCK_CAPTURE_AUTORELEASING = YES;
				CLANG_WARN_BOOL_CONVERSION = YES;
				CLANG_WARN_COMMA = YES;
				CLANG_WARN_CONSTANT_CONVERSION = YES;
				CLANG_WARN_DEPRECATED_OBJC_IMPLEMENTATIONS = YES;
				CLANG_WARN_DIRECT_OBJC_ISA_USAGE = YES_ERROR;
				CLANG_WARN_DOCUMENTATION_COMMENTS = YES;
				CLANG_WARN_EMPTY_BODY = YES;
				CLANG_WARN_ENUM_CONVERSION = YES;
				CLANG_WARN_INFINITE_RECURSION = YES;
				CLANG_WARN_INT_CONVERSION = YES;
				CLANG_WARN_NON_LITERAL_NULL_CONVERSION = YES;
				CLANG_WARN_OBJC_IMPLICIT_RETAIN_SELF = YES;
				CLANG_WARN_OBJC_LITERAL_CONVERSION = YES;
				CLANG_WARN_OBJC_ROOT_CLASS = YES_ERROR;
				CLANG_WARN_QUOTED_INCLUDE_IN_FRAMEWORK_HEADER = YES;
				CLANG_WARN_RANGE_LOOP_ANALYSIS = YES;
				CLANG_WARN_STRICT_PROTOTYPES = YES;
				CLANG_WARN_SUSPICIOUS_MOVE = YES;
				CLANG_WARN_UNGUARDED_AVAILABILITY = YES_AGGRESSIVE;
				CLANG_WARN_UNREACHABLE_CODE = YES;
				CLANG_WARN__DUPLICATE_METHOD_MATCH = YES;
				COPY_PHASE_STRIP = NO;
				DEBUG_INFORMATION_FORMAT = "dwarf-with-dsym";
				ENABLE_NS_ASSERTIONS = NO;
				ENABLE_STRICT_OBJC_MSGSEND = YES;
				GCC_C_LANGUAGE_STANDARD = gnu11;
				GCC_NO_COMMON_BLOCKS = YES;
				GCC_WARN_64_TO_32_BIT_CONVERSION = YES;
				GCC_WARN_ABOUT_RETURN_TYPE = YES_ERROR;
				GCC_WARN_UNDECLARED_SELECTOR = YES;
				GCC_WARN_UNINITIALIZED_AUTOS = YES_AGGRESSIVE;
				GCC_WARN_UNUSED_FUNCTION = YES;
				GCC_WARN_UNUSED_VARIABLE = YES;
				IPHONEOS_DEPLOYMENT_TARGET = 15.0;
				MTL_ENABLE_DEBUG_INFO = NO;
				MTL_FAST_MATH = YES;
				SDKROOT = iphoneos;
				SWIFT_COMPILATION_MODE = wholemodule;
				SWIFT_OPTIMIZATION_LEVEL = "-O";
				VALIDATE_PRODUCT = YES;
			};
			name = Release;
		};
		7DC9DE0027A7E74800B2123B /* Debug */ = {
			isa = XCBuildConfiguration;
			buildSettings = {
				ASSETCATALOG_COMPILER_APPICON_NAME = AppIcon;
				ASSETCATALOG_COMPILER_GLOBAL_ACCENT_COLOR_NAME = AccentColor;
				CODE_SIGN_STYLE = Automatic;
				CURRENT_PROJECT_VERSION = 1;
				DEVELOPMENT_ASSET_PATHS = "\"SwireChat/Preview Content\"";
				DEVELOPMENT_TEAM = 9DENJD3M83;
				ENABLE_PREVIEWS = YES;
				GENERATE_INFOPLIST_FILE = YES;
				INFOPLIST_KEY_UIApplicationSceneManifest_Generation = YES;
				INFOPLIST_KEY_UIApplicationSupportsIndirectInputEvents = YES;
				INFOPLIST_KEY_UILaunchScreen_Generation = YES;
				INFOPLIST_KEY_UISupportedInterfaceOrientations_iPad = "UIInterfaceOrientationPortrait UIInterfaceOrientationPortraitUpsideDown UIInterfaceOrientationLandscapeLeft UIInterfaceOrientationLandscapeRight";
				INFOPLIST_KEY_UISupportedInterfaceOrientations_iPhone = "UIInterfaceOrientationPortrait UIInterfaceOrientationLandscapeLeft UIInterfaceOrientationLandscapeRight";
				LD_RUNPATH_SEARCH_PATHS = (
					"$(inherited)",
					"@executable_path/Frameworks",
				);
				MARKETING_VERSION = 1.0;
				PRODUCT_BUNDLE_IDENTIFIER = com.dsigns.SwireChat;
				PRODUCT_NAME = "$(TARGET_NAME)";
				SWIFT_EMIT_LOC_STRINGS = YES;
				SWIFT_VERSION = 5.0;
				TARGETED_DEVICE_FAMILY = "1,2";
			};
			name = Debug;
		};
		7DC9DE0127A7E74800B2123B /* Release */ = {
			isa = XCBuildConfiguration;
			buildSettings = {
				ASSETCATALOG_COMPILER_APPICON_NAME = AppIcon;
				ASSETCATALOG_COMPILER_GLOBAL_ACCENT_COLOR_NAME = AccentColor;
				CODE_SIGN_STYLE = Automatic;
				CURRENT_PROJECT_VERSION = 1;
				DEVELOPMENT_ASSET_PATHS = "\"SwireChat/Preview Content\"";
				DEVELOPMENT_TEAM = 9DENJD3M83;
				ENABLE_PREVIEWS = YES;
				GENERATE_INFOPLIST_FILE = YES;
				INFOPLIST_KEY_UIApplicationSceneManifest_Generation = YES;
				INFOPLIST_KEY_UIApplicationSupportsIndirectInputEvents = YES;
				INFOPLIST_KEY_UILaunchScreen_Generation = YES;
				INFOPLIST_KEY_UISupportedInterfaceOrientations_iPad = "UIInterfaceOrientationPortrait UIInterfaceOrientationPortraitUpsideDown UIInterfaceOrientationLandscapeLeft UIInterfaceOrientationLandscapeRight";
				INFOPLIST_KEY_UISupportedInterfaceOrientations_iPhone = "UIInterfaceOrientationPortrait UIInterfaceOrientationLandscapeLeft UIInterfaceOrientationLandscapeRight";
				LD_RUNPATH_SEARCH_PATHS = (
					"$(inherited)",
					"@executable_path/Frameworks",
				);
				MARKETING_VERSION = 1.0;
				PRODUCT_BUNDLE_IDENTIFIER = com.dsigns.SwireChat;
				PRODUCT_NAME = "$(TARGET_NAME)";
				SWIFT_EMIT_LOC_STRINGS = YES;
				SWIFT_VERSION = 5.0;
				TARGETED_DEVICE_FAMILY = "1,2";
			};
			name = Release;
		};
		7DC9DE0327A7E74800B2123B /* Debug */ = {
			isa = XCBuildConfiguration;
			buildSettings = {
				ALWAYS_EMBED_SWIFT_STANDARD_LIBRARIES = YES;
				BUNDLE_LOADER = "$(TEST_HOST)";
				CODE_SIGN_STYLE = Automatic;
				CURRENT_PROJECT_VERSION = 1;
				DEVELOPMENT_TEAM = 9DENJD3M83;
				GENERATE_INFOPLIST_FILE = YES;
				IPHONEOS_DEPLOYMENT_TARGET = 15.0;
				LD_RUNPATH_SEARCH_PATHS = (
					"$(inherited)",
					"@executable_path/Frameworks",
					"@loader_path/Frameworks",
				);
				MARKETING_VERSION = 1.0;
				PRODUCT_BUNDLE_IDENTIFIER = com.dsigns.SwireChatTests;
				PRODUCT_NAME = "$(TARGET_NAME)";
				SWIFT_EMIT_LOC_STRINGS = NO;
				SWIFT_VERSION = 5.0;
				TARGETED_DEVICE_FAMILY = "1,2";
				TEST_HOST = "$(BUILT_PRODUCTS_DIR)/SwireChat.app/SwireChat";
			};
			name = Debug;
		};
		7DC9DE0427A7E74800B2123B /* Release */ = {
			isa = XCBuildConfiguration;
			buildSettings = {
				ALWAYS_EMBED_SWIFT_STANDARD_LIBRARIES = YES;
				BUNDLE_LOADER = "$(TEST_HOST)";
				CODE_SIGN_STYLE = Automatic;
				CURRENT_PROJECT_VERSION = 1;
				DEVELOPMENT_TEAM = 9DENJD3M83;
				GENERATE_INFOPLIST_FILE = YES;
				IPHONEOS_DEPLOYMENT_TARGET = 15.0;
				LD_RUNPATH_SEARCH_PATHS = (
					"$(inherited)",
					"@executable_path/Frameworks",
					"@loader_path/Frameworks",
				);
				MARKETING_VERSION = 1.0;
				PRODUCT_BUNDLE_IDENTIFIER = com.dsigns.SwireChatTests;
				PRODUCT_NAME = "$(TARGET_NAME)";
				SWIFT_EMIT_LOC_STRINGS = NO;
				SWIFT_VERSION = 5.0;
				TARGETED_DEVICE_FAMILY = "1,2";
				TEST_HOST = "$(BUILT_PRODUCTS_DIR)/SwireChat.app/SwireChat";
			};
			name = Release;
		};
		7DC9DE0627A7E74800B2123B /* Debug */ = {
			isa = XCBuildConfiguration;
			buildSettings = {
				ALWAYS_EMBED_SWIFT_STANDARD_LIBRARIES = YES;
				CODE_SIGN_STYLE = Automatic;
				CURRENT_PROJECT_VERSION = 1;
				DEVELOPMENT_TEAM = 9DENJD3M83;
				GENERATE_INFOPLIST_FILE = YES;
				LD_RUNPATH_SEARCH_PATHS = (
					"$(inherited)",
					"@executable_path/Frameworks",
					"@loader_path/Frameworks",
				);
				MARKETING_VERSION = 1.0;
				PRODUCT_BUNDLE_IDENTIFIER = com.dsigns.SwireChatUITests;
				PRODUCT_NAME = "$(TARGET_NAME)";
				SWIFT_EMIT_LOC_STRINGS = NO;
				SWIFT_VERSION = 5.0;
				TARGETED_DEVICE_FAMILY = "1,2";
				TEST_TARGET_NAME = SwireChat;
			};
			name = Debug;
		};
		7DC9DE0727A7E74800B2123B /* Release */ = {
			isa = XCBuildConfiguration;
			buildSettings = {
				ALWAYS_EMBED_SWIFT_STANDARD_LIBRARIES = YES;
				CODE_SIGN_STYLE = Automatic;
				CURRENT_PROJECT_VERSION = 1;
				DEVELOPMENT_TEAM = 9DENJD3M83;
				GENERATE_INFOPLIST_FILE = YES;
				LD_RUNPATH_SEARCH_PATHS = (
					"$(inherited)",
					"@executable_path/Frameworks",
					"@loader_path/Frameworks",
				);
				MARKETING_VERSION = 1.0;
				PRODUCT_BUNDLE_IDENTIFIER = com.dsigns.SwireChatUITests;
				PRODUCT_NAME = "$(TARGET_NAME)";
				SWIFT_EMIT_LOC_STRINGS = NO;
				SWIFT_VERSION = 5.0;
				TARGETED_DEVICE_FAMILY = "1,2";
				TEST_TARGET_NAME = SwireChat;
			};
			name = Release;
		};
/* End XCBuildConfiguration section */

/* Begin XCConfigurationList section */
		7DC9DDD627A7E74600B2123B /* Build configuration list for PBXProject "SwireChat" */ = {
			isa = XCConfigurationList;
			buildConfigurations = (
				7DC9DDFD27A7E74800B2123B /* Debug */,
				7DC9DDFE27A7E74800B2123B /* Release */,
			);
			defaultConfigurationIsVisible = 0;
			defaultConfigurationName = Release;
		};
		7DC9DDFF27A7E74800B2123B /* Build configuration list for PBXNativeTarget "SwireChat" */ = {
			isa = XCConfigurationList;
			buildConfigurations = (
				7DC9DE0027A7E74800B2123B /* Debug */,
				7DC9DE0127A7E74800B2123B /* Release */,
			);
			defaultConfigurationIsVisible = 0;
			defaultConfigurationName = Release;
		};
		7DC9DE0227A7E74800B2123B /* Build configuration list for PBXNativeTarget "SwireChatTests" */ = {
			isa = XCConfigurationList;
			buildConfigurations = (
				7DC9DE0327A7E74800B2123B /* Debug */,
				7DC9DE0427A7E74800B2123B /* Release */,
			);
			defaultConfigurationIsVisible = 0;
			defaultConfigurationName = Release;
		};
		7DC9DE0527A7E74800B2123B /* Build configuration list for PBXNativeTarget "SwireChatUITests" */ = {
			isa = XCConfigurationList;
			buildConfigurations = (
				7DC9DE0627A7E74800B2123B /* Debug */,
				7DC9DE0727A7E74800B2123B /* Release */,
			);
			defaultConfigurationIsVisible = 0;
			defaultConfigurationName = Release;
		};
/* End XCConfigurationList section */
	};
	rootObject = 7DC9DDD327A7E74600B2123B /* Project object */;
}
